
Microsoft Visual Studio Solution File, Format Version 12.00
# Visual Studio Version 16
VisualStudioVersion = 16.0.30523.141
MinimumVisualStudioVersion = 10.0.40219.1
Project("{FAE04EC0-301F-11D3-BF4B-00C04F79EFBC}") = "IdOnMessageBox", "IdOnMessageBox\IdOnMessageBox.csproj", "{605C2FDC-626A-4151-AA91-3EF6B9DE22A1}"
EndProject
Global
	GlobalSection(SolutionConfigurationPlatforms) = preSolution
		Debug|Any CPU = Debug|Any CPU
		Release|Any CPU = Release|Any CPU
	EndGlobalSection
	GlobalSection(ProjectConfigurationPlatforms) = postSolution
		{605C2FDC-626A-4151-AA91-3EF6B9DE22A1}.Debug|Any CPU.ActiveCfg = Debug|Any CPU
		{605C2FDC-626A-4151-AA91-3EF6B9DE22A1}.Debug|Any CPU.Build.0 = Debug|Any CPU
		{605C2FDC-626A-4151-AA91-3EF6B9DE22A1}.Release|Any CPU.ActiveCfg = Release|Any CPU
		{605C2FDC-626A-4151-AA91-3EF6B9DE22A1}.Release|Any CPU.Build.0 = Release|Any CPU
	EndGlobalSection
	GlobalSection(SolutionProperties) = preSolution
		HideSolutionNode = FALSE
	EndGlobalSection
	GlobalSection(ExtensibilityGlobals) = postSolution
		SolutionGuid = {67584744-9709-43D4-A527-19E8710E232F}
	EndGlobalSection
EndGlobal
